PODS:
  - Cartography (0.6.0)
  - GCDKit (1.2.5)
  - ModernUpperNotificationView (0.1.0):
    - Cartography (~> 0.6)
    - GCDKit
    - UpperNotificationController (~> 0.1.0)
  - Reveal-iOS-SDK (1.6.2)
  - TextAttributes (0.3.1)
  - TextAttributesUtil (0.1.1):
    - TextAttributes (~> 0.3)
  - UpperNotificationController (0.1.2)

DEPENDENCIES:
  - ModernUpperNotificationView (from `../`)
  - Reveal-iOS-SDK
  - TextAttributesUtil

EXTERNAL SOURCES:
  ModernUpperNotificationView:
    :path: "../"

SPEC CHECKSUMS:
  Cartography: 70af183a248547694a8cfaa6b989cb7e04589985
  GCDKit: ed6646fcf761ff139162aaac518b9ec1fb7aa720
  ModernUpperNotificationView: 959047f08a531c8b21d593298e6ce476a9ab5924
  Reveal-iOS-SDK: e2250b3c155bcfac53ae223ddc1f76d08f206c33
  TextAttributes: b43233c6356a72f1c1e483d5bda694535432a4be
  TextAttributesUtil: 7ecad02c7cdf68f57f7e98f3578442fcc833e97d
  UpperNotificationController: a2cee56c43ecc13c62bc7950a5fb9dfe7cf40b0c

PODFILE CHECKSUM: 274cdb3d966ea6d4882ced664900930c0197f3a1

COCOAPODS: 1.0.1
